
Microsoft Visual Studio Solution File, Format Version 12.00
# Visual Studio Version 17
VisualStudioVersion = 17.7.34031.279
MinimumVisualStudioVersion = 10.0.40219.1
Project("{9A19103F-16F7-4668-BE54-9A1E7A4F7556}") = "WebApiProsegur", "WebApiProsegur\WebApiProsegur.csproj", "{B663A8C7-12ED-49A8-8392-0D48BAE26910}"
EndProject
Project("{FAE04EC0-301F-11D3-BF4B-00C04F79EFBC}") = "WebProsegur", "WebProsegur\WebProsegur.csproj", "{11D4CEA2-4740-4EB4-8E99-FF03FE9B445E}"
EndProject
Global
	GlobalSection(SolutionConfigurationPlatforms) = preSolution
		Debug|Any CPU = Debug|Any CPU
		Release|Any CPU = Release|Any CPU
	EndGlobalSection
	GlobalSection(ProjectConfigurationPlatforms) = postSolution
		{B663A8C7-12ED-49A8-8392-0D48BAE26910}.Debug|Any CPU.ActiveCfg = Debug|Any CPU
		{B663A8C7-12ED-49A8-8392-0D48BAE26910}.Debug|Any CPU.Build.0 = Debug|Any CPU
		{B663A8C7-12ED-49A8-8392-0D48BAE26910}.Release|Any CPU.ActiveCfg = Release|Any CPU
		{B663A8C7-12ED-49A8-8392-0D48BAE26910}.Release|Any CPU.Build.0 = Release|Any CPU
		{11D4CEA2-4740-4EB4-8E99-FF03FE9B445E}.Debug|Any CPU.ActiveCfg = Debug|Any CPU
		{11D4CEA2-4740-4EB4-8E99-FF03FE9B445E}.Debug|Any CPU.Build.0 = Debug|Any CPU
		{11D4CEA2-4740-4EB4-8E99-FF03FE9B445E}.Release|Any CPU.ActiveCfg = Release|Any CPU
		{11D4CEA2-4740-4EB4-8E99-FF03FE9B445E}.Release|Any CPU.Build.0 = Release|Any CPU
	EndGlobalSection
	GlobalSection(SolutionProperties) = preSolution
		HideSolutionNode = FALSE
	EndGlobalSection
	GlobalSection(ExtensibilityGlobals) = postSolution
		SolutionGuid = {AB539EB8-19F1-4E14-9D51-35FE406DC26A}
	EndGlobalSection
EndGlobal
